
Microsoft Visual Studio Solution File, Format Version 12.00
# Visual Studio Version 17
Project("{2150E333-8FDC-42A3-9474-1A3956D46DE8}") = "CMakePredefinedTargets", "CMakePredefinedTargets", "{B9EBD0FF-3040-3ED9-A874-99C6BD183415}"
EndProject
Project("{8BC9CEB8-8B4A-11D0-8D11-00A0C91BC942}") = "CSC8503", "CSC8503\CSC8503.vcxproj", "{C895F464-2B6F-33AD-9CF5-95F8BF1B8DAE}"
	ProjectSection(ProjectDependencies) = postProject
		{453212CD-A006-3D44-8529-3E985E2C32AB} = {453212CD-A006-3D44-8529-3E985E2C32AB}
		{8ABDE88A-E8CD-35DF-980D-FC3EEE38083E} = {8ABDE88A-E8CD-35DF-980D-FC3EEE38083E}
		{1169D5E4-1DF2-3D7C-A42D-6F0B30811AD6} = {1169D5E4-1DF2-3D7C-A42D-6F0B30811AD6}
		{DE30979F-7949-3C49-AF7D-EE630960AF6D} = {DE30979F-7949-3C49-AF7D-EE630960AF6D}
	EndProjectSection
EndProject
Project("{8BC9CEB8-8B4A-11D0-8D11-00A0C91BC942}") = "ALL_BUILD", "ALL_BUILD.vcxproj", "{A00EEB88-B793-3771-AC74-16FEE3C0E7E8}"
	ProjectSection(ProjectDependencies) = postProject
		{C895F464-2B6F-33AD-9CF5-95F8BF1B8DAE} = {C895F464-2B6F-33AD-9CF5-95F8BF1B8DAE}
		{453212CD-A006-3D44-8529-3E985E2C32AB} = {453212CD-A006-3D44-8529-3E985E2C32AB}
		{8ABDE88A-E8CD-35DF-980D-FC3EEE38083E} = {8ABDE88A-E8CD-35DF-980D-FC3EEE38083E}
		{1169D5E4-1DF2-3D7C-A42D-6F0B30811AD6} = {1169D5E4-1DF2-3D7C-A42D-6F0B30811AD6}
		{DE30979F-7949-3C49-AF7D-EE630960AF6D} = {DE30979F-7949-3C49-AF7D-EE630960AF6D}
	EndProjectSection
EndProject
Project("{8BC9CEB8-8B4A-11D0-8D11-00A0C91BC942}") = "CSC8503CoreClasses", "CSC8503CoreClasses\CSC8503CoreClasses.vcxproj", "{453212CD-A006-3D44-8529-3E985E2C32AB}"
	ProjectSection(ProjectDependencies) = postProject
		{DE30979F-7949-3C49-AF7D-EE630960AF6D} = {DE30979F-7949-3C49-AF7D-EE630960AF6D}
	EndProjectSection
EndProject
Project("{8BC9CEB8-8B4A-11D0-8D11-00A0C91BC942}") = "NCLCoreClasses", "NCLCoreClasses\NCLCoreClasses.vcxproj", "{8ABDE88A-E8CD-35DF-980D-FC3EEE38083E}"
	ProjectSection(ProjectDependencies) = postProject
		{DE30979F-7949-3C49-AF7D-EE630960AF6D} = {DE30979F-7949-3C49-AF7D-EE630960AF6D}
	EndProjectSection
EndProject
Project("{8BC9CEB8-8B4A-11D0-8D11-00A0C91BC942}") = "OpenGLRendering", "OpenGLRendering\OpenGLRendering.vcxproj", "{1169D5E4-1DF2-3D7C-A42D-6F0B30811AD6}"
	ProjectSection(ProjectDependencies) = postProject
		{8ABDE88A-E8CD-35DF-980D-FC3EEE38083E} = {8ABDE88A-E8CD-35DF-980D-FC3EEE38083E}
		{DE30979F-7949-3C49-AF7D-EE630960AF6D} = {DE30979F-7949-3C49-AF7D-EE630960AF6D}
	EndProjectSection
EndProject
Project("{8BC9CEB8-8B4A-11D0-8D11-00A0C91BC942}") = "ZERO_CHECK", "ZERO_CHECK.vcxproj", "{DE30979F-7949-3C49-AF7D-EE630960AF6D}"
	ProjectSection(ProjectDependencies) = postProject
	EndProjectSection
EndProject
Global
	GlobalSection(SolutionConfigurationPlatforms) = preSolution
		Debug|x64 = Debug|x64
		Release|x64 = Release|x64
	EndGlobalSection
	GlobalSection(ProjectConfigurationPlatforms) = postSolution
		{C895F464-2B6F-33AD-9CF5-95F8BF1B8DAE}.Debug|x64.ActiveCfg = Debug|x64
		{C895F464-2B6F-33AD-9CF5-95F8BF1B8DAE}.Debug|x64.Build.0 = Debug|x64
		{C895F464-2B6F-33AD-9CF5-95F8BF1B8DAE}.Release|x64.ActiveCfg = Release|x64
		{C895F464-2B6F-33AD-9CF5-95F8BF1B8DAE}.Release|x64.Build.0 = Release|x64
		{A00EEB88-B793-3771-AC74-16FEE3C0E7E8}.Debug|x64.ActiveCfg = Debug|x64
		{A00EEB88-B793-3771-AC74-16FEE3C0E7E8}.Release|x64.ActiveCfg = Release|x64
		{453212CD-A006-3D44-8529-3E985E2C32AB}.Debug|x64.ActiveCfg = Debug|x64
		{453212CD-A006-3D44-8529-3E985E2C32AB}.Debug|x64.Build.0 = Debug|x64
		{453212CD-A006-3D44-8529-3E985E2C32AB}.Release|x64.ActiveCfg = Release|x64
		{453212CD-A006-3D44-8529-3E985E2C32AB}.Release|x64.Build.0 = Release|x64
		{8ABDE88A-E8CD-35DF-980D-FC3EEE38083E}.Debug|x64.ActiveCfg = Debug|x64
		{8ABDE88A-E8CD-35DF-980D-FC3EEE38083E}.Debug|x64.Build.0 = Debug|x64
		{8ABDE88A-E8CD-35DF-980D-FC3EEE38083E}.Release|x64.ActiveCfg = Release|x64
		{8ABDE88A-E8CD-35DF-980D-FC3EEE38083E}.Release|x64.Build.0 = Release|x64
		{1169D5E4-1DF2-3D7C-A42D-6F0B30811AD6}.Debug|x64.ActiveCfg = Debug|x64
		{1169D5E4-1DF2-3D7C-A42D-6F0B30811AD6}.Debug|x64.Build.0 = Debug|x64
		{1169D5E4-1DF2-3D7C-A42D-6F0B30811AD6}.Release|x64.ActiveCfg = Release|x64
		{1169D5E4-1DF2-3D7C-A42D-6F0B30811AD6}.Release|x64.Build.0 = Release|x64
		{DE30979F-7949-3C49-AF7D-EE630960AF6D}.Debug|x64.ActiveCfg = Debug|x64
		{DE30979F-7949-3C49-AF7D-EE630960AF6D}.Debug|x64.Build.0 = Debug|x64
		{DE30979F-7949-3C49-AF7D-EE630960AF6D}.Release|x64.ActiveCfg = Release|x64
		{DE30979F-7949-3C49-AF7D-EE630960AF6D}.Release|x64.Build.0 = Release|x64
	EndGlobalSection
	GlobalSection(NestedProjects) = preSolution
		{A00EEB88-B793-3771-AC74-16FEE3C0E7E8} = {B9EBD0FF-3040-3ED9-A874-99C6BD183415}
		{DE30979F-7949-3C49-AF7D-EE630960AF6D} = {B9EBD0FF-3040-3ED9-A874-99C6BD183415}
	EndGlobalSection
	GlobalSection(ExtensibilityGlobals) = postSolution
		SolutionGuid = {16E2569A-1BAF-316C-B925-BE9099E4536A}
	EndGlobalSection
	GlobalSection(ExtensibilityAddIns) = postSolution
	EndGlobalSection
EndGlobal
