
Microsoft Visual Studio Solution File, Format Version 12.00
# Visual Studio Version 17
Project("{2150E333-8FDC-42A3-9474-1A3956D46DE8}") = "CMakePredefinedTargets", "CMakePredefinedTargets", "{AD27FE5E-255D-3620-8CDF-274DD64A74BE}"
EndProject
Project("{8BC9CEB8-8B4A-11D0-8D11-00A0C91BC942}") = "CSC8503", "CSC8503\CSC8503.vcxproj", "{28F3CC4C-39B5-388D-9301-E60E3EEA603E}"
	ProjectSection(ProjectDependencies) = postProject
		{DCC1A21B-DA92-3866-80CB-6E0435933AEB} = {DCC1A21B-DA92-3866-80CB-6E0435933AEB}
		{1573813A-A520-3838-A323-EE2D1551A595} = {1573813A-A520-3838-A323-EE2D1551A595}
		{32807E12-BCCE-3AE4-9F96-78B1E58BCEF2} = {32807E12-BCCE-3AE4-9F96-78B1E58BCEF2}
		{3AD10247-3C67-3BF9-A9BA-0758548D998B} = {3AD10247-3C67-3BF9-A9BA-0758548D998B}
	EndProjectSection
EndProject
Project("{8BC9CEB8-8B4A-11D0-8D11-00A0C91BC942}") = "ALL_BUILD", "ALL_BUILD.vcxproj", "{911D4830-BF67-3581-9F9E-78FC3AA1E0AF}"
	ProjectSection(ProjectDependencies) = postProject
		{28F3CC4C-39B5-388D-9301-E60E3EEA603E} = {28F3CC4C-39B5-388D-9301-E60E3EEA603E}
		{DCC1A21B-DA92-3866-80CB-6E0435933AEB} = {DCC1A21B-DA92-3866-80CB-6E0435933AEB}
		{1573813A-A520-3838-A323-EE2D1551A595} = {1573813A-A520-3838-A323-EE2D1551A595}
		{32807E12-BCCE-3AE4-9F96-78B1E58BCEF2} = {32807E12-BCCE-3AE4-9F96-78B1E58BCEF2}
		{3AD10247-3C67-3BF9-A9BA-0758548D998B} = {3AD10247-3C67-3BF9-A9BA-0758548D998B}
	EndProjectSection
EndProject
Project("{8BC9CEB8-8B4A-11D0-8D11-00A0C91BC942}") = "CSC8503CoreClasses", "CSC8503CoreClasses\CSC8503CoreClasses.vcxproj", "{DCC1A21B-DA92-3866-80CB-6E0435933AEB}"
	ProjectSection(ProjectDependencies) = postProject
		{3AD10247-3C67-3BF9-A9BA-0758548D998B} = {3AD10247-3C67-3BF9-A9BA-0758548D998B}
	EndProjectSection
EndProject
Project("{8BC9CEB8-8B4A-11D0-8D11-00A0C91BC942}") = "NCLCoreClasses", "NCLCoreClasses\NCLCoreClasses.vcxproj", "{1573813A-A520-3838-A323-EE2D1551A595}"
	ProjectSection(ProjectDependencies) = postProject
		{3AD10247-3C67-3BF9-A9BA-0758548D998B} = {3AD10247-3C67-3BF9-A9BA-0758548D998B}
	EndProjectSection
EndProject
Project("{8BC9CEB8-8B4A-11D0-8D11-00A0C91BC942}") = "OpenGLRendering", "OpenGLRendering\OpenGLRendering.vcxproj", "{32807E12-BCCE-3AE4-9F96-78B1E58BCEF2}"
	ProjectSection(ProjectDependencies) = postProject
		{1573813A-A520-3838-A323-EE2D1551A595} = {1573813A-A520-3838-A323-EE2D1551A595}
		{3AD10247-3C67-3BF9-A9BA-0758548D998B} = {3AD10247-3C67-3BF9-A9BA-0758548D998B}
	EndProjectSection
EndProject
Project("{8BC9CEB8-8B4A-11D0-8D11-00A0C91BC942}") = "ZERO_CHECK", "ZERO_CHECK.vcxproj", "{3AD10247-3C67-3BF9-A9BA-0758548D998B}"
	ProjectSection(ProjectDependencies) = postProject
	EndProjectSection
EndProject
Global
	GlobalSection(SolutionConfigurationPlatforms) = preSolution
		Debug|x64 = Debug|x64
		Release|x64 = Release|x64
	EndGlobalSection
	GlobalSection(ProjectConfigurationPlatforms) = postSolution
		{28F3CC4C-39B5-388D-9301-E60E3EEA603E}.Debug|x64.ActiveCfg = Debug|x64
		{28F3CC4C-39B5-388D-9301-E60E3EEA603E}.Debug|x64.Build.0 = Debug|x64
		{28F3CC4C-39B5-388D-9301-E60E3EEA603E}.Release|x64.ActiveCfg = Release|x64
		{28F3CC4C-39B5-388D-9301-E60E3EEA603E}.Release|x64.Build.0 = Release|x64
		{911D4830-BF67-3581-9F9E-78FC3AA1E0AF}.Debug|x64.ActiveCfg = Debug|x64
		{911D4830-BF67-3581-9F9E-78FC3AA1E0AF}.Release|x64.ActiveCfg = Release|x64
		{DCC1A21B-DA92-3866-80CB-6E0435933AEB}.Debug|x64.ActiveCfg = Debug|x64
		{DCC1A21B-DA92-3866-80CB-6E0435933AEB}.Debug|x64.Build.0 = Debug|x64
		{DCC1A21B-DA92-3866-80CB-6E0435933AEB}.Release|x64.ActiveCfg = Release|x64
		{DCC1A21B-DA92-3866-80CB-6E0435933AEB}.Release|x64.Build.0 = Release|x64
		{1573813A-A520-3838-A323-EE2D1551A595}.Debug|x64.ActiveCfg = Debug|x64
		{1573813A-A520-3838-A323-EE2D1551A595}.Debug|x64.Build.0 = Debug|x64
		{1573813A-A520-3838-A323-EE2D1551A595}.Release|x64.ActiveCfg = Release|x64
		{1573813A-A520-3838-A323-EE2D1551A595}.Release|x64.Build.0 = Release|x64
		{32807E12-BCCE-3AE4-9F96-78B1E58BCEF2}.Debug|x64.ActiveCfg = Debug|x64
		{32807E12-BCCE-3AE4-9F96-78B1E58BCEF2}.Debug|x64.Build.0 = Debug|x64
		{32807E12-BCCE-3AE4-9F96-78B1E58BCEF2}.Release|x64.ActiveCfg = Release|x64
		{32807E12-BCCE-3AE4-9F96-78B1E58BCEF2}.Release|x64.Build.0 = Release|x64
		{3AD10247-3C67-3BF9-A9BA-0758548D998B}.Debug|x64.ActiveCfg = Debug|x64
		{3AD10247-3C67-3BF9-A9BA-0758548D998B}.Debug|x64.Build.0 = Debug|x64
		{3AD10247-3C67-3BF9-A9BA-0758548D998B}.Release|x64.ActiveCfg = Release|x64
		{3AD10247-3C67-3BF9-A9BA-0758548D998B}.Release|x64.Build.0 = Release|x64
	EndGlobalSection
	GlobalSection(NestedProjects) = preSolution
		{911D4830-BF67-3581-9F9E-78FC3AA1E0AF} = {AD27FE5E-255D-3620-8CDF-274DD64A74BE}
		{3AD10247-3C67-3BF9-A9BA-0758548D998B} = {AD27FE5E-255D-3620-8CDF-274DD64A74BE}
	EndGlobalSection
	GlobalSection(ExtensibilityGlobals) = postSolution
		SolutionGuid = {DBE151F6-D53D-3BEB-BDCA-8522DA435BFB}
	EndGlobalSection
	GlobalSection(ExtensibilityAddIns) = postSolution
	EndGlobalSection
EndGlobal
