<?xml version="1.0" encoding="utf-8"?>
<Project ToolsVersion="17.0" xmlns="http://schemas.microsoft.com/developer/msbuild/2003">
  <ItemGroup>
    <CustomBuild Include="D:\Team Project CSC\Main repo\CSC8508_project\CMakeFiles\4ceb083008939ad532fd7acfca6c38da\generate.stamp.rule">
      <Filter>CMake Rules</Filter>
    </CustomBuild>
  </ItemGroup>
  <ItemGroup>
    <Filter Include="CMake Rules">
      <UniqueIdentifier>{F8A4CD47-2049-3DB3-8A6E-3B2C4009F5FC}</UniqueIdentifier>
    </Filter>
  </ItemGroup>
</Project>
