<?xml version="1.0" encoding="utf-8"?>
<Project ToolsVersion="17.0" xmlns="http://schemas.microsoft.com/developer/msbuild/2003">
  <ItemGroup>
    <CustomBuild Include="C:\Users\ALIENWARE\OneDrive\Desktop\Newcastle\Game team project\CSC8508_project\CMakeFiles\9e61c7a09405e1d20832de5f465f67aa\generate.stamp.rule">
      <Filter>CMake Rules</Filter>
    </CustomBuild>
  </ItemGroup>
  <ItemGroup>
    <Filter Include="CMake Rules">
      <UniqueIdentifier>{8D8156DE-6B80-305F-BEA5-6B2A2B5DC1FC}</UniqueIdentifier>
    </Filter>
  </ItemGroup>
</Project>
