<?xml version="1.0" encoding="utf-8"?>
<Project ToolsVersion="17.0" xmlns="http://schemas.microsoft.com/developer/msbuild/2003">
  <ItemGroup>
    <ClCompile Include="C:\Users\ALIENWARE\OneDrive\Desktop\Newcastle\Game team project\CSC8508_project\CSC8503CoreClasses\CMakeFiles\CSC8503CoreClasses.dir\cmake_pch.cxx">
      <Filter>Source Files</Filter>
    </ClCompile>
    <ClCompile Include="C:\Users\ALIENWARE\OneDrive\Desktop\Newcastle\Game team project\CSC8508_project\CSC8503CoreClasses\Debug.h">
      <Filter>Header Files</Filter>
    </ClCompile>
    <ClCompile Include="C:\Users\ALIENWARE\OneDrive\Desktop\Newcastle\Game team project\CSC8508_project\CSC8503CoreClasses\GameObject.h">
      <Filter>Header Files</Filter>
    </ClCompile>
    <ClCompile Include="C:\Users\ALIENWARE\OneDrive\Desktop\Newcastle\Game team project\CSC8508_project\CSC8503CoreClasses\GameWorld.h">
      <Filter>Header Files</Filter>
    </ClCompile>
    <ClCompile Include="C:\Users\ALIENWARE\OneDrive\Desktop\Newcastle\Game team project\CSC8508_project\CSC8503CoreClasses\RenderObject.h">
      <Filter>Header Files</Filter>
    </ClCompile>
    <ClCompile Include="C:\Users\ALIENWARE\OneDrive\Desktop\Newcastle\Game team project\CSC8508_project\CSC8503CoreClasses\Transform.h">
      <Filter>Header Files</Filter>
    </ClCompile>
    <ClCompile Include="C:\Users\ALIENWARE\OneDrive\Desktop\Newcastle\Game team project\CSC8508_project\CSC8503CoreClasses\Debug.cpp">
      <Filter>Source Files</Filter>
    </ClCompile>
    <ClCompile Include="C:\Users\ALIENWARE\OneDrive\Desktop\Newcastle\Game team project\CSC8508_project\CSC8503CoreClasses\GameObject.cpp">
      <Filter>Source Files</Filter>
    </ClCompile>
    <ClCompile Include="C:\Users\ALIENWARE\OneDrive\Desktop\Newcastle\Game team project\CSC8508_project\CSC8503CoreClasses\GameWorld.cpp">
      <Filter>Source Files</Filter>
    </ClCompile>
    <ClCompile Include="C:\Users\ALIENWARE\OneDrive\Desktop\Newcastle\Game team project\CSC8508_project\CSC8503CoreClasses\RenderObject.cpp">
      <Filter>Source Files</Filter>
    </ClCompile>
    <ClCompile Include="C:\Users\ALIENWARE\OneDrive\Desktop\Newcastle\Game team project\CSC8508_project\CSC8503CoreClasses\Transform.cpp">
      <Filter>Source Files</Filter>
    </ClCompile>
    <ClCompile Include="C:\Users\ALIENWARE\OneDrive\Desktop\Newcastle\Game team project\CSC8508_project\CSC8503CoreClasses\BehaviourAction.h">
      <Filter>AI\Behaviour Trees</Filter>
    </ClCompile>
    <ClCompile Include="C:\Users\ALIENWARE\OneDrive\Desktop\Newcastle\Game team project\CSC8508_project\CSC8503CoreClasses\BehaviourNode.h">
      <Filter>AI\Behaviour Trees</Filter>
    </ClCompile>
    <ClCompile Include="C:\Users\ALIENWARE\OneDrive\Desktop\Newcastle\Game team project\CSC8508_project\CSC8503CoreClasses\BehaviourNodeWithChildren.h">
      <Filter>AI\Behaviour Trees</Filter>
    </ClCompile>
    <ClCompile Include="C:\Users\ALIENWARE\OneDrive\Desktop\Newcastle\Game team project\CSC8508_project\CSC8503CoreClasses\BehaviourSelector.h">
      <Filter>AI\Behaviour Trees</Filter>
    </ClCompile>
    <ClCompile Include="C:\Users\ALIENWARE\OneDrive\Desktop\Newcastle\Game team project\CSC8508_project\CSC8503CoreClasses\BehaviourSelector.cpp">
      <Filter>AI\Behaviour Trees</Filter>
    </ClCompile>
    <ClCompile Include="C:\Users\ALIENWARE\OneDrive\Desktop\Newcastle\Game team project\CSC8508_project\CSC8503CoreClasses\BehaviourSequence.h">
      <Filter>AI\Behaviour Trees</Filter>
    </ClCompile>
    <ClCompile Include="C:\Users\ALIENWARE\OneDrive\Desktop\Newcastle\Game team project\CSC8508_project\CSC8503CoreClasses\BehaviourSequence.cpp">
      <Filter>AI\Behaviour Trees</Filter>
    </ClCompile>
    <ClCompile Include="C:\Users\ALIENWARE\OneDrive\Desktop\Newcastle\Game team project\CSC8508_project\CSC8503CoreClasses\PushdownMachine.h">
      <Filter>AI\Pushdown Automata</Filter>
    </ClCompile>
    <ClCompile Include="C:\Users\ALIENWARE\OneDrive\Desktop\Newcastle\Game team project\CSC8508_project\CSC8503CoreClasses\PushdownMachine.cpp">
      <Filter>AI\Pushdown Automata</Filter>
    </ClCompile>
    <ClCompile Include="C:\Users\ALIENWARE\OneDrive\Desktop\Newcastle\Game team project\CSC8508_project\CSC8503CoreClasses\PushdownState.h">
      <Filter>AI\Pushdown Automata</Filter>
    </ClCompile>
    <ClCompile Include="C:\Users\ALIENWARE\OneDrive\Desktop\Newcastle\Game team project\CSC8508_project\CSC8503CoreClasses\PushdownState.cpp">
      <Filter>AI\Pushdown Automata</Filter>
    </ClCompile>
    <ClCompile Include="C:\Users\ALIENWARE\OneDrive\Desktop\Newcastle\Game team project\CSC8508_project\CSC8503CoreClasses\State.h">
      <Filter>AI\State Machine</Filter>
    </ClCompile>
    <ClCompile Include="C:\Users\ALIENWARE\OneDrive\Desktop\Newcastle\Game team project\CSC8508_project\CSC8503CoreClasses\StateMachine.h">
      <Filter>AI\State Machine</Filter>
    </ClCompile>
    <ClCompile Include="C:\Users\ALIENWARE\OneDrive\Desktop\Newcastle\Game team project\CSC8508_project\CSC8503CoreClasses\StateMachine.cpp">
      <Filter>AI\State Machine</Filter>
    </ClCompile>
    <ClCompile Include="C:\Users\ALIENWARE\OneDrive\Desktop\Newcastle\Game team project\CSC8508_project\CSC8503CoreClasses\StateTransition.h">
      <Filter>AI\State Machine</Filter>
    </ClCompile>
    <ClCompile Include="C:\Users\ALIENWARE\OneDrive\Desktop\Newcastle\Game team project\CSC8508_project\CSC8503CoreClasses\NavigationGrid.h">
      <Filter>AI\Pathfinding</Filter>
    </ClCompile>
    <ClCompile Include="C:\Users\ALIENWARE\OneDrive\Desktop\Newcastle\Game team project\CSC8508_project\CSC8503CoreClasses\NavigationGrid.cpp">
      <Filter>AI\Pathfinding</Filter>
    </ClCompile>
    <ClCompile Include="C:\Users\ALIENWARE\OneDrive\Desktop\Newcastle\Game team project\CSC8508_project\CSC8503CoreClasses\NavigationMesh.cpp">
      <Filter>AI\Pathfinding</Filter>
    </ClCompile>
    <ClCompile Include="C:\Users\ALIENWARE\OneDrive\Desktop\Newcastle\Game team project\CSC8508_project\CSC8503CoreClasses\NavigationMesh.h">
      <Filter>AI\Pathfinding</Filter>
    </ClCompile>
    <ClCompile Include="C:\Users\ALIENWARE\OneDrive\Desktop\Newcastle\Game team project\CSC8508_project\CSC8503CoreClasses\NavigationMap.h">
      <Filter>AI\Pathfinding</Filter>
    </ClCompile>
    <ClCompile Include="C:\Users\ALIENWARE\OneDrive\Desktop\Newcastle\Game team project\CSC8508_project\CSC8503CoreClasses\NavigationPath.h">
      <Filter>AI\Pathfinding</Filter>
    </ClCompile>
    <ClCompile Include="C:\Users\ALIENWARE\OneDrive\Desktop\Newcastle\Game team project\CSC8508_project\CSC8503CoreClasses\AABBVolume.h">
      <Filter>Collision Detection</Filter>
    </ClCompile>
    <ClCompile Include="C:\Users\ALIENWARE\OneDrive\Desktop\Newcastle\Game team project\CSC8508_project\CSC8503CoreClasses\CapsuleVolume.h">
      <Filter>Collision Detection</Filter>
    </ClCompile>
    <ClCompile Include="C:\Users\ALIENWARE\OneDrive\Desktop\Newcastle\Game team project\CSC8508_project\CSC8503CoreClasses\CapsuleVolume.cpp">
      <Filter>Collision Detection</Filter>
    </ClCompile>
    <ClCompile Include="C:\Users\ALIENWARE\OneDrive\Desktop\Newcastle\Game team project\CSC8508_project\CSC8503CoreClasses\CollisionDetection.h">
      <Filter>Collision Detection</Filter>
    </ClCompile>
    <ClCompile Include="C:\Users\ALIENWARE\OneDrive\Desktop\Newcastle\Game team project\CSC8508_project\CSC8503CoreClasses\CollisionDetection.cpp">
      <Filter>Collision Detection</Filter>
    </ClCompile>
    <ClCompile Include="C:\Users\ALIENWARE\OneDrive\Desktop\Newcastle\Game team project\CSC8508_project\CSC8503CoreClasses\CollisionVolume.h">
      <Filter>Collision Detection</Filter>
    </ClCompile>
    <ClCompile Include="C:\Users\ALIENWARE\OneDrive\Desktop\Newcastle\Game team project\CSC8508_project\CSC8503CoreClasses\OBBVolume.h">
      <Filter>Collision Detection</Filter>
    </ClCompile>
    <ClCompile Include="C:\Users\ALIENWARE\OneDrive\Desktop\Newcastle\Game team project\CSC8508_project\CSC8503CoreClasses\QuadTree.h">
      <Filter>Collision Detection</Filter>
    </ClCompile>
    <ClCompile Include="C:\Users\ALIENWARE\OneDrive\Desktop\Newcastle\Game team project\CSC8508_project\CSC8503CoreClasses\QuadTree.cpp">
      <Filter>Collision Detection</Filter>
    </ClCompile>
    <ClCompile Include="C:\Users\ALIENWARE\OneDrive\Desktop\Newcastle\Game team project\CSC8508_project\CSC8503CoreClasses\Ray.h">
      <Filter>Collision Detection</Filter>
    </ClCompile>
    <ClCompile Include="C:\Users\ALIENWARE\OneDrive\Desktop\Newcastle\Game team project\CSC8508_project\CSC8503CoreClasses\SphereVolume.h">
      <Filter>Collision Detection</Filter>
    </ClCompile>
    <ClCompile Include="C:\Users\ALIENWARE\OneDrive\Desktop\Newcastle\Game team project\CSC8508_project\CSC8503CoreClasses\GameClient.h">
      <Filter>Networking</Filter>
    </ClCompile>
    <ClCompile Include="C:\Users\ALIENWARE\OneDrive\Desktop\Newcastle\Game team project\CSC8508_project\CSC8503CoreClasses\GameClient.cpp">
      <Filter>Networking</Filter>
    </ClCompile>
    <ClCompile Include="C:\Users\ALIENWARE\OneDrive\Desktop\Newcastle\Game team project\CSC8508_project\CSC8503CoreClasses\GameServer.h">
      <Filter>Networking</Filter>
    </ClCompile>
    <ClCompile Include="C:\Users\ALIENWARE\OneDrive\Desktop\Newcastle\Game team project\CSC8508_project\CSC8503CoreClasses\GameServer.cpp">
      <Filter>Networking</Filter>
    </ClCompile>
    <ClCompile Include="C:\Users\ALIENWARE\OneDrive\Desktop\Newcastle\Game team project\CSC8508_project\CSC8503CoreClasses\NetworkBase.h">
      <Filter>Networking</Filter>
    </ClCompile>
    <ClCompile Include="C:\Users\ALIENWARE\OneDrive\Desktop\Newcastle\Game team project\CSC8508_project\CSC8503CoreClasses\NetworkBase.cpp">
      <Filter>Networking</Filter>
    </ClCompile>
    <ClCompile Include="C:\Users\ALIENWARE\OneDrive\Desktop\Newcastle\Game team project\CSC8508_project\CSC8503CoreClasses\NetworkObject.h">
      <Filter>Networking</Filter>
    </ClCompile>
    <ClCompile Include="C:\Users\ALIENWARE\OneDrive\Desktop\Newcastle\Game team project\CSC8508_project\CSC8503CoreClasses\NetworkObject.cpp">
      <Filter>Networking</Filter>
    </ClCompile>
    <ClCompile Include="C:\Users\ALIENWARE\OneDrive\Desktop\Newcastle\Game team project\CSC8508_project\CSC8503CoreClasses\NetworkState.h">
      <Filter>Networking</Filter>
    </ClCompile>
    <ClCompile Include="C:\Users\ALIENWARE\OneDrive\Desktop\Newcastle\Game team project\CSC8508_project\CSC8503CoreClasses\NetworkState.cpp">
      <Filter>Networking</Filter>
    </ClCompile>
    <ClCompile Include="C:\Users\ALIENWARE\OneDrive\Desktop\Newcastle\Game team project\CSC8508_project\CSC8503CoreClasses\Constraint.h">
      <Filter>Physics</Filter>
    </ClCompile>
    <ClCompile Include="C:\Users\ALIENWARE\OneDrive\Desktop\Newcastle\Game team project\CSC8508_project\CSC8503CoreClasses\PositionConstraint.cpp">
      <Filter>Physics</Filter>
    </ClCompile>
    <ClCompile Include="C:\Users\ALIENWARE\OneDrive\Desktop\Newcastle\Game team project\CSC8508_project\CSC8503CoreClasses\PositionConstraint.h">
      <Filter>Physics</Filter>
    </ClCompile>
    <ClCompile Include="C:\Users\ALIENWARE\OneDrive\Desktop\Newcastle\Game team project\CSC8508_project\CSC8503CoreClasses\OrientationConstraint.cpp">
      <Filter>Physics</Filter>
    </ClCompile>
    <ClCompile Include="C:\Users\ALIENWARE\OneDrive\Desktop\Newcastle\Game team project\CSC8508_project\CSC8503CoreClasses\OrientationConstraint.h">
      <Filter>Physics</Filter>
    </ClCompile>
    <ClCompile Include="C:\Users\ALIENWARE\OneDrive\Desktop\Newcastle\Game team project\CSC8508_project\CSC8503CoreClasses\PhysicsObject.cpp">
      <Filter>Physics</Filter>
    </ClCompile>
    <ClCompile Include="C:\Users\ALIENWARE\OneDrive\Desktop\Newcastle\Game team project\CSC8508_project\CSC8503CoreClasses\PhysicsObject.h">
      <Filter>Physics</Filter>
    </ClCompile>
    <ClCompile Include="C:\Users\ALIENWARE\OneDrive\Desktop\Newcastle\Game team project\CSC8508_project\CSC8503CoreClasses\PhysicsSystem.cpp">
      <Filter>Physics</Filter>
    </ClCompile>
    <ClCompile Include="C:\Users\ALIENWARE\OneDrive\Desktop\Newcastle\Game team project\CSC8508_project\CSC8503CoreClasses\PhysicsSystem.h">
      <Filter>Physics</Filter>
    </ClCompile>
    <ClCompile Include="C:\Users\ALIENWARE\OneDrive\Desktop\Newcastle\Game team project\CSC8508_project\CSC8503CoreClasses\enet\callbacks.c">
      <Filter>eNet</Filter>
    </ClCompile>
    <ClCompile Include="C:\Users\ALIENWARE\OneDrive\Desktop\Newcastle\Game team project\CSC8508_project\CSC8503CoreClasses\enet\list.h">
      <Filter>eNet</Filter>
    </ClCompile>
    <ClCompile Include="C:\Users\ALIENWARE\OneDrive\Desktop\Newcastle\Game team project\CSC8508_project\CSC8503CoreClasses\enet\list.c">
      <Filter>eNet</Filter>
    </ClCompile>
    <ClCompile Include="C:\Users\ALIENWARE\OneDrive\Desktop\Newcastle\Game team project\CSC8508_project\CSC8503CoreClasses\enet\protocol.h">
      <Filter>eNet</Filter>
    </ClCompile>
    <ClCompile Include="C:\Users\ALIENWARE\OneDrive\Desktop\Newcastle\Game team project\CSC8508_project\CSC8503CoreClasses\enet\protocol.c">
      <Filter>eNet</Filter>
    </ClCompile>
    <ClCompile Include="C:\Users\ALIENWARE\OneDrive\Desktop\Newcastle\Game team project\CSC8508_project\CSC8503CoreClasses\enet\win32.h">
      <Filter>eNet</Filter>
    </ClCompile>
    <ClCompile Include="C:\Users\ALIENWARE\OneDrive\Desktop\Newcastle\Game team project\CSC8508_project\CSC8503CoreClasses\enet\win32.c">
      <Filter>eNet</Filter>
    </ClCompile>
    <ClCompile Include="C:\Users\ALIENWARE\OneDrive\Desktop\Newcastle\Game team project\CSC8508_project\CSC8503CoreClasses\enet\enet.h">
      <Filter>eNet</Filter>
    </ClCompile>
    <ClCompile Include="C:\Users\ALIENWARE\OneDrive\Desktop\Newcastle\Game team project\CSC8508_project\CSC8503CoreClasses\enet\time.h">
      <Filter>eNet</Filter>
    </ClCompile>
    <ClCompile Include="C:\Users\ALIENWARE\OneDrive\Desktop\Newcastle\Game team project\CSC8508_project\CSC8503CoreClasses\enet\types.h">
      <Filter>eNet</Filter>
    </ClCompile>
    <ClCompile Include="C:\Users\ALIENWARE\OneDrive\Desktop\Newcastle\Game team project\CSC8508_project\CSC8503CoreClasses\enet\utility.h">
      <Filter>eNet</Filter>
    </ClCompile>
    <ClCompile Include="C:\Users\ALIENWARE\OneDrive\Desktop\Newcastle\Game team project\CSC8508_project\CSC8503CoreClasses\enet\compress.c">
      <Filter>eNet</Filter>
    </ClCompile>
    <ClCompile Include="C:\Users\ALIENWARE\OneDrive\Desktop\Newcastle\Game team project\CSC8508_project\CSC8503CoreClasses\enet\host.c">
      <Filter>eNet</Filter>
    </ClCompile>
    <ClCompile Include="C:\Users\ALIENWARE\OneDrive\Desktop\Newcastle\Game team project\CSC8508_project\CSC8503CoreClasses\enet\packet.c">
      <Filter>eNet</Filter>
    </ClCompile>
    <ClCompile Include="C:\Users\ALIENWARE\OneDrive\Desktop\Newcastle\Game team project\CSC8508_project\CSC8503CoreClasses\enet\peer.c">
      <Filter>eNet</Filter>
    </ClCompile>
  </ItemGroup>
  <ItemGroup>
    <ClInclude Include="C:\Users\ALIENWARE\OneDrive\Desktop\Newcastle\Game team project\CSC8508_project\CSC8503CoreClasses\CMakeFiles\CSC8503CoreClasses.dir\Debug\cmake_pch.hxx">
      <Filter>Precompile Header File</Filter>
    </ClInclude>
    <ClInclude Include="C:\Users\ALIENWARE\OneDrive\Desktop\Newcastle\Game team project\CSC8508_project\CSC8503CoreClasses\CMakeFiles\CSC8503CoreClasses.dir\Release\cmake_pch.hxx">
      <Filter>Precompile Header File</Filter>
    </ClInclude>
  </ItemGroup>
  <ItemGroup>
    <CustomBuild Include="C:\Users\ALIENWARE\OneDrive\Desktop\Newcastle\Game team project\CSC8508_project\CSC8503CoreClasses\CMakeLists.txt" />
  </ItemGroup>
  <ItemGroup>
    <Filter Include="AI">
      <UniqueIdentifier>{E1AB4C73-5CCA-3FDE-9DC7-098EBAA55936}</UniqueIdentifier>
    </Filter>
    <Filter Include="AI\Behaviour Trees">
      <UniqueIdentifier>{FF8E4E73-FE1D-35E3-A220-D8DAEBC82389}</UniqueIdentifier>
    </Filter>
    <Filter Include="AI\Pathfinding">
      <UniqueIdentifier>{63939882-986D-3C2A-9263-9881F09B33D0}</UniqueIdentifier>
    </Filter>
    <Filter Include="AI\Pushdown Automata">
      <UniqueIdentifier>{83273023-D2AE-3650-A3B4-75AAB67EF8EA}</UniqueIdentifier>
    </Filter>
    <Filter Include="AI\State Machine">
      <UniqueIdentifier>{74FB057D-4167-3317-8D0D-CBA85F1C0859}</UniqueIdentifier>
    </Filter>
    <Filter Include="Collision Detection">
      <UniqueIdentifier>{E42E3233-AB74-38B9-AA68-B827DE2C998A}</UniqueIdentifier>
    </Filter>
    <Filter Include="Header Files">
      <UniqueIdentifier>{0D91EDA1-1878-31BB-BD76-B6A008B9FC81}</UniqueIdentifier>
    </Filter>
    <Filter Include="Networking">
      <UniqueIdentifier>{679755BB-CE6B-3D09-87FC-2C5AB1162829}</UniqueIdentifier>
    </Filter>
    <Filter Include="Physics">
      <UniqueIdentifier>{8CF74ED9-0173-36CC-9FBB-3FA4295DA851}</UniqueIdentifier>
    </Filter>
    <Filter Include="Precompile Header File">
      <UniqueIdentifier>{439D7B1A-764B-3550-8E96-475CC50BA3B7}</UniqueIdentifier>
    </Filter>
    <Filter Include="Source Files">
      <UniqueIdentifier>{289C1EF8-2EEA-39F1-9DBF-6D9EB69672B0}</UniqueIdentifier>
    </Filter>
    <Filter Include="eNet">
      <UniqueIdentifier>{BA6EE892-B308-3C40-A477-FEA044771342}</UniqueIdentifier>
    </Filter>
  </ItemGroup>
</Project>
