<?xml version="1.0" encoding="utf-8"?>
<Project ToolsVersion="17.0" xmlns="http://schemas.microsoft.com/developer/msbuild/2003">
  <ItemGroup>
    <ClCompile Include="D:\Team Project CSC\Main repo\CSC8508_project\CSC8503CoreClasses\CMakeFiles\CSC8503CoreClasses.dir\cmake_pch.cxx">
      <Filter>Source Files</Filter>
    </ClCompile>
    <ClCompile Include="D:\Team Project CSC\Main repo\CSC8508_project\CSC8503CoreClasses\Debug.h">
      <Filter>Header Files</Filter>
    </ClCompile>
    <ClCompile Include="D:\Team Project CSC\Main repo\CSC8508_project\CSC8503CoreClasses\GameObject.h">
      <Filter>Header Files</Filter>
    </ClCompile>
    <ClCompile Include="D:\Team Project CSC\Main repo\CSC8508_project\CSC8503CoreClasses\GameWorld.h">
      <Filter>Header Files</Filter>
    </ClCompile>
    <ClCompile Include="D:\Team Project CSC\Main repo\CSC8508_project\CSC8503CoreClasses\RenderObject.h">
      <Filter>Header Files</Filter>
    </ClCompile>
    <ClCompile Include="D:\Team Project CSC\Main repo\CSC8508_project\CSC8503CoreClasses\Transform.h">
      <Filter>Header Files</Filter>
    </ClCompile>
    <ClCompile Include="D:\Team Project CSC\Main repo\CSC8508_project\CSC8503CoreClasses\Debug.cpp">
      <Filter>Source Files</Filter>
    </ClCompile>
    <ClCompile Include="D:\Team Project CSC\Main repo\CSC8508_project\CSC8503CoreClasses\GameObject.cpp">
      <Filter>Source Files</Filter>
    </ClCompile>
    <ClCompile Include="D:\Team Project CSC\Main repo\CSC8508_project\CSC8503CoreClasses\GameWorld.cpp">
      <Filter>Source Files</Filter>
    </ClCompile>
    <ClCompile Include="D:\Team Project CSC\Main repo\CSC8508_project\CSC8503CoreClasses\RenderObject.cpp">
      <Filter>Source Files</Filter>
    </ClCompile>
    <ClCompile Include="D:\Team Project CSC\Main repo\CSC8508_project\CSC8503CoreClasses\Transform.cpp">
      <Filter>Source Files</Filter>
    </ClCompile>
    <ClCompile Include="D:\Team Project CSC\Main repo\CSC8508_project\CSC8503CoreClasses\BehaviourAction.h">
      <Filter>AI\Behaviour Trees</Filter>
    </ClCompile>
    <ClCompile Include="D:\Team Project CSC\Main repo\CSC8508_project\CSC8503CoreClasses\BehaviourNode.h">
      <Filter>AI\Behaviour Trees</Filter>
    </ClCompile>
    <ClCompile Include="D:\Team Project CSC\Main repo\CSC8508_project\CSC8503CoreClasses\BehaviourNodeWithChildren.h">
      <Filter>AI\Behaviour Trees</Filter>
    </ClCompile>
    <ClCompile Include="D:\Team Project CSC\Main repo\CSC8508_project\CSC8503CoreClasses\BehaviourSelector.h">
      <Filter>AI\Behaviour Trees</Filter>
    </ClCompile>
    <ClCompile Include="D:\Team Project CSC\Main repo\CSC8508_project\CSC8503CoreClasses\BehaviourSelector.cpp">
      <Filter>AI\Behaviour Trees</Filter>
    </ClCompile>
    <ClCompile Include="D:\Team Project CSC\Main repo\CSC8508_project\CSC8503CoreClasses\BehaviourSequence.h">
      <Filter>AI\Behaviour Trees</Filter>
    </ClCompile>
    <ClCompile Include="D:\Team Project CSC\Main repo\CSC8508_project\CSC8503CoreClasses\BehaviourSequence.cpp">
      <Filter>AI\Behaviour Trees</Filter>
    </ClCompile>
    <ClCompile Include="D:\Team Project CSC\Main repo\CSC8508_project\CSC8503CoreClasses\PushdownMachine.h">
      <Filter>AI\Pushdown Automata</Filter>
    </ClCompile>
    <ClCompile Include="D:\Team Project CSC\Main repo\CSC8508_project\CSC8503CoreClasses\PushdownMachine.cpp">
      <Filter>AI\Pushdown Automata</Filter>
    </ClCompile>
    <ClCompile Include="D:\Team Project CSC\Main repo\CSC8508_project\CSC8503CoreClasses\PushdownState.h">
      <Filter>AI\Pushdown Automata</Filter>
    </ClCompile>
    <ClCompile Include="D:\Team Project CSC\Main repo\CSC8508_project\CSC8503CoreClasses\PushdownState.cpp">
      <Filter>AI\Pushdown Automata</Filter>
    </ClCompile>
    <ClCompile Include="D:\Team Project CSC\Main repo\CSC8508_project\CSC8503CoreClasses\State.h">
      <Filter>AI\State Machine</Filter>
    </ClCompile>
    <ClCompile Include="D:\Team Project CSC\Main repo\CSC8508_project\CSC8503CoreClasses\StateMachine.h">
      <Filter>AI\State Machine</Filter>
    </ClCompile>
    <ClCompile Include="D:\Team Project CSC\Main repo\CSC8508_project\CSC8503CoreClasses\StateMachine.cpp">
      <Filter>AI\State Machine</Filter>
    </ClCompile>
    <ClCompile Include="D:\Team Project CSC\Main repo\CSC8508_project\CSC8503CoreClasses\StateTransition.h">
      <Filter>AI\State Machine</Filter>
    </ClCompile>
    <ClCompile Include="D:\Team Project CSC\Main repo\CSC8508_project\CSC8503CoreClasses\NavigationGrid.h">
      <Filter>AI\Pathfinding</Filter>
    </ClCompile>
    <ClCompile Include="D:\Team Project CSC\Main repo\CSC8508_project\CSC8503CoreClasses\NavigationGrid.cpp">
      <Filter>AI\Pathfinding</Filter>
    </ClCompile>
    <ClCompile Include="D:\Team Project CSC\Main repo\CSC8508_project\CSC8503CoreClasses\NavigationMesh.cpp">
      <Filter>AI\Pathfinding</Filter>
    </ClCompile>
    <ClCompile Include="D:\Team Project CSC\Main repo\CSC8508_project\CSC8503CoreClasses\NavigationMesh.h">
      <Filter>AI\Pathfinding</Filter>
    </ClCompile>
    <ClCompile Include="D:\Team Project CSC\Main repo\CSC8508_project\CSC8503CoreClasses\NavigationMap.h">
      <Filter>AI\Pathfinding</Filter>
    </ClCompile>
    <ClCompile Include="D:\Team Project CSC\Main repo\CSC8508_project\CSC8503CoreClasses\NavigationPath.h">
      <Filter>AI\Pathfinding</Filter>
    </ClCompile>
    <ClCompile Include="D:\Team Project CSC\Main repo\CSC8508_project\CSC8503CoreClasses\AABBVolume.h">
      <Filter>Collision Detection</Filter>
    </ClCompile>
    <ClCompile Include="D:\Team Project CSC\Main repo\CSC8508_project\CSC8503CoreClasses\CapsuleVolume.h">
      <Filter>Collision Detection</Filter>
    </ClCompile>
    <ClCompile Include="D:\Team Project CSC\Main repo\CSC8508_project\CSC8503CoreClasses\CapsuleVolume.cpp">
      <Filter>Collision Detection</Filter>
    </ClCompile>
    <ClCompile Include="D:\Team Project CSC\Main repo\CSC8508_project\CSC8503CoreClasses\CollisionDetection.h">
      <Filter>Collision Detection</Filter>
    </ClCompile>
    <ClCompile Include="D:\Team Project CSC\Main repo\CSC8508_project\CSC8503CoreClasses\CollisionDetection.cpp">
      <Filter>Collision Detection</Filter>
    </ClCompile>
    <ClCompile Include="D:\Team Project CSC\Main repo\CSC8508_project\CSC8503CoreClasses\CollisionVolume.h">
      <Filter>Collision Detection</Filter>
    </ClCompile>
    <ClCompile Include="D:\Team Project CSC\Main repo\CSC8508_project\CSC8503CoreClasses\OBBVolume.h">
      <Filter>Collision Detection</Filter>
    </ClCompile>
    <ClCompile Include="D:\Team Project CSC\Main repo\CSC8508_project\CSC8503CoreClasses\QuadTree.h">
      <Filter>Collision Detection</Filter>
    </ClCompile>
    <ClCompile Include="D:\Team Project CSC\Main repo\CSC8508_project\CSC8503CoreClasses\QuadTree.cpp">
      <Filter>Collision Detection</Filter>
    </ClCompile>
    <ClCompile Include="D:\Team Project CSC\Main repo\CSC8508_project\CSC8503CoreClasses\Ray.h">
      <Filter>Collision Detection</Filter>
    </ClCompile>
    <ClCompile Include="D:\Team Project CSC\Main repo\CSC8508_project\CSC8503CoreClasses\SphereVolume.h">
      <Filter>Collision Detection</Filter>
    </ClCompile>
    <ClCompile Include="D:\Team Project CSC\Main repo\CSC8508_project\CSC8503CoreClasses\GameClient.h">
      <Filter>Networking</Filter>
    </ClCompile>
    <ClCompile Include="D:\Team Project CSC\Main repo\CSC8508_project\CSC8503CoreClasses\GameClient.cpp">
      <Filter>Networking</Filter>
    </ClCompile>
    <ClCompile Include="D:\Team Project CSC\Main repo\CSC8508_project\CSC8503CoreClasses\GameServer.h">
      <Filter>Networking</Filter>
    </ClCompile>
    <ClCompile Include="D:\Team Project CSC\Main repo\CSC8508_project\CSC8503CoreClasses\GameServer.cpp">
      <Filter>Networking</Filter>
    </ClCompile>
    <ClCompile Include="D:\Team Project CSC\Main repo\CSC8508_project\CSC8503CoreClasses\NetworkBase.h">
      <Filter>Networking</Filter>
    </ClCompile>
    <ClCompile Include="D:\Team Project CSC\Main repo\CSC8508_project\CSC8503CoreClasses\NetworkBase.cpp">
      <Filter>Networking</Filter>
    </ClCompile>
    <ClCompile Include="D:\Team Project CSC\Main repo\CSC8508_project\CSC8503CoreClasses\NetworkObject.h">
      <Filter>Networking</Filter>
    </ClCompile>
    <ClCompile Include="D:\Team Project CSC\Main repo\CSC8508_project\CSC8503CoreClasses\NetworkObject.cpp">
      <Filter>Networking</Filter>
    </ClCompile>
    <ClCompile Include="D:\Team Project CSC\Main repo\CSC8508_project\CSC8503CoreClasses\NetworkState.h">
      <Filter>Networking</Filter>
    </ClCompile>
    <ClCompile Include="D:\Team Project CSC\Main repo\CSC8508_project\CSC8503CoreClasses\NetworkState.cpp">
      <Filter>Networking</Filter>
    </ClCompile>
    <ClCompile Include="D:\Team Project CSC\Main repo\CSC8508_project\CSC8503CoreClasses\Constraint.h">
      <Filter>Physics</Filter>
    </ClCompile>
    <ClCompile Include="D:\Team Project CSC\Main repo\CSC8508_project\CSC8503CoreClasses\PositionConstraint.cpp">
      <Filter>Physics</Filter>
    </ClCompile>
    <ClCompile Include="D:\Team Project CSC\Main repo\CSC8508_project\CSC8503CoreClasses\PositionConstraint.h">
      <Filter>Physics</Filter>
    </ClCompile>
    <ClCompile Include="D:\Team Project CSC\Main repo\CSC8508_project\CSC8503CoreClasses\OrientationConstraint.cpp">
      <Filter>Physics</Filter>
    </ClCompile>
    <ClCompile Include="D:\Team Project CSC\Main repo\CSC8508_project\CSC8503CoreClasses\OrientationConstraint.h">
      <Filter>Physics</Filter>
    </ClCompile>
    <ClCompile Include="D:\Team Project CSC\Main repo\CSC8508_project\CSC8503CoreClasses\PhysicsObject.cpp">
      <Filter>Physics</Filter>
    </ClCompile>
    <ClCompile Include="D:\Team Project CSC\Main repo\CSC8508_project\CSC8503CoreClasses\PhysicsObject.h">
      <Filter>Physics</Filter>
    </ClCompile>
    <ClCompile Include="D:\Team Project CSC\Main repo\CSC8508_project\CSC8503CoreClasses\PhysicsSystem.cpp">
      <Filter>Physics</Filter>
    </ClCompile>
    <ClCompile Include="D:\Team Project CSC\Main repo\CSC8508_project\CSC8503CoreClasses\PhysicsSystem.h">
      <Filter>Physics</Filter>
    </ClCompile>
    <ClCompile Include="D:\Team Project CSC\Main repo\CSC8508_project\CSC8503CoreClasses\enet\callbacks.c">
      <Filter>eNet</Filter>
    </ClCompile>
    <ClCompile Include="D:\Team Project CSC\Main repo\CSC8508_project\CSC8503CoreClasses\enet\list.h">
      <Filter>eNet</Filter>
    </ClCompile>
    <ClCompile Include="D:\Team Project CSC\Main repo\CSC8508_project\CSC8503CoreClasses\enet\list.c">
      <Filter>eNet</Filter>
    </ClCompile>
    <ClCompile Include="D:\Team Project CSC\Main repo\CSC8508_project\CSC8503CoreClasses\enet\protocol.h">
      <Filter>eNet</Filter>
    </ClCompile>
    <ClCompile Include="D:\Team Project CSC\Main repo\CSC8508_project\CSC8503CoreClasses\enet\protocol.c">
      <Filter>eNet</Filter>
    </ClCompile>
    <ClCompile Include="D:\Team Project CSC\Main repo\CSC8508_project\CSC8503CoreClasses\enet\win32.h">
      <Filter>eNet</Filter>
    </ClCompile>
    <ClCompile Include="D:\Team Project CSC\Main repo\CSC8508_project\CSC8503CoreClasses\enet\win32.c">
      <Filter>eNet</Filter>
    </ClCompile>
    <ClCompile Include="D:\Team Project CSC\Main repo\CSC8508_project\CSC8503CoreClasses\enet\enet.h">
      <Filter>eNet</Filter>
    </ClCompile>
    <ClCompile Include="D:\Team Project CSC\Main repo\CSC8508_project\CSC8503CoreClasses\enet\time.h">
      <Filter>eNet</Filter>
    </ClCompile>
    <ClCompile Include="D:\Team Project CSC\Main repo\CSC8508_project\CSC8503CoreClasses\enet\types.h">
      <Filter>eNet</Filter>
    </ClCompile>
    <ClCompile Include="D:\Team Project CSC\Main repo\CSC8508_project\CSC8503CoreClasses\enet\utility.h">
      <Filter>eNet</Filter>
    </ClCompile>
    <ClCompile Include="D:\Team Project CSC\Main repo\CSC8508_project\CSC8503CoreClasses\enet\compress.c">
      <Filter>eNet</Filter>
    </ClCompile>
    <ClCompile Include="D:\Team Project CSC\Main repo\CSC8508_project\CSC8503CoreClasses\enet\host.c">
      <Filter>eNet</Filter>
    </ClCompile>
    <ClCompile Include="D:\Team Project CSC\Main repo\CSC8508_project\CSC8503CoreClasses\enet\packet.c">
      <Filter>eNet</Filter>
    </ClCompile>
    <ClCompile Include="D:\Team Project CSC\Main repo\CSC8508_project\CSC8503CoreClasses\enet\peer.c">
      <Filter>eNet</Filter>
    </ClCompile>
  </ItemGroup>
  <ItemGroup>
    <ClInclude Include="D:\Team Project CSC\Main repo\CSC8508_project\CSC8503CoreClasses\CMakeFiles\CSC8503CoreClasses.dir\Debug\cmake_pch.hxx">
      <Filter>Precompile Header File</Filter>
    </ClInclude>
    <ClInclude Include="D:\Team Project CSC\Main repo\CSC8508_project\CSC8503CoreClasses\CMakeFiles\CSC8503CoreClasses.dir\Release\cmake_pch.hxx">
      <Filter>Precompile Header File</Filter>
    </ClInclude>
  </ItemGroup>
  <ItemGroup>
    <CustomBuild Include="D:\Team Project CSC\Main repo\CSC8508_project\CSC8503CoreClasses\CMakeLists.txt" />
  </ItemGroup>
  <ItemGroup>
    <Filter Include="AI">
      <UniqueIdentifier>{3D86672B-9414-3709-8A16-1A8ACB11153B}</UniqueIdentifier>
    </Filter>
    <Filter Include="AI\Behaviour Trees">
      <UniqueIdentifier>{D2DF82EE-856B-3C99-A0FD-B7F308F5AB06}</UniqueIdentifier>
    </Filter>
    <Filter Include="AI\Pathfinding">
      <UniqueIdentifier>{33B29EA5-3A22-335D-A47C-7ACFD681FBC7}</UniqueIdentifier>
    </Filter>
    <Filter Include="AI\Pushdown Automata">
      <UniqueIdentifier>{28B92813-2681-36AF-BD7C-6511EB04E28F}</UniqueIdentifier>
    </Filter>
    <Filter Include="AI\State Machine">
      <UniqueIdentifier>{37D0D5E7-4683-32A2-B424-E7D61E17B8D9}</UniqueIdentifier>
    </Filter>
    <Filter Include="Collision Detection">
      <UniqueIdentifier>{0108525B-D12F-36E0-9BD7-3BF3D0922C44}</UniqueIdentifier>
    </Filter>
    <Filter Include="Header Files">
      <UniqueIdentifier>{47F9572B-2311-3262-9390-11C1CDC6960F}</UniqueIdentifier>
    </Filter>
    <Filter Include="Networking">
      <UniqueIdentifier>{507D0EB1-0BEF-304C-9B8E-16058CF21C0A}</UniqueIdentifier>
    </Filter>
    <Filter Include="Physics">
      <UniqueIdentifier>{0E0B94E9-9401-3C9F-A283-A8EDFFD3F50C}</UniqueIdentifier>
    </Filter>
    <Filter Include="Precompile Header File">
      <UniqueIdentifier>{581E37EC-233B-3358-B694-8F02267B89FE}</UniqueIdentifier>
    </Filter>
    <Filter Include="Source Files">
      <UniqueIdentifier>{2DD906F5-4817-3D96-AD94-E1C880A07A4B}</UniqueIdentifier>
    </Filter>
    <Filter Include="eNet">
      <UniqueIdentifier>{947B6892-C534-370B-8B25-9FEE0152A36C}</UniqueIdentifier>
    </Filter>
  </ItemGroup>
</Project>
